
Microsoft Visual Studio Solution File, Format Version 12.00
# Visual Studio Version 17
VisualStudioVersion = 17.6.33717.318
MinimumVisualStudioVersion = 10.0.40219.1
Project("{9A19103F-16F7-4668-BE54-9A1E7A4F7556}") = "StockSimulator", "StockSimulator\StockSimulator.csproj", "{F7531CB7-BAC8-4F47-87BE-CCA52E4A0E05}"
EndProject
Global
	GlobalSection(SolutionConfigurationPlatforms) = preSolution
		Debug|Any CPU = Debug|Any CPU
		Release|Any CPU = Release|Any CPU
	EndGlobalSection
	GlobalSection(ProjectConfigurationPlatforms) = postSolution
		{F7531CB7-BAC8-4F47-87BE-CCA52E4A0E05}.Debug|Any CPU.ActiveCfg = Debug|Any CPU
		{F7531CB7-BAC8-4F47-87BE-CCA52E4A0E05}.Debug|Any CPU.Build.0 = Debug|Any CPU
		{F7531CB7-BAC8-4F47-87BE-CCA52E4A0E05}.Release|Any CPU.ActiveCfg = Release|Any CPU
		{F7531CB7-BAC8-4F47-87BE-CCA52E4A0E05}.Release|Any CPU.Build.0 = Release|Any CPU
	EndGlobalSection
	GlobalSection(SolutionProperties) = preSolution
		HideSolutionNode = FALSE
	EndGlobalSection
	GlobalSection(ExtensibilityGlobals) = postSolution
		SolutionGuid = {923D5FE9-03DB-4EB4-8502-B5F61CCEA189}
	EndGlobalSection
EndGlobal
